{
  "FixCursorHold.nvim": {
    "commit": "70a9516"
  },
  "alpha-nvim": {
    "commit": "21a0f25"
  },
  "asciitree.nvim": {
    "commit": "a979a0c"
  },
  "bufferline.nvim": {
    "commit": "c7492a7"
  },
  "catppuccin": {
    "commit": "8769e76"
  },
  "cmp-buffer": {
    "commit": "3022dbc"
  },
  "cmp-cmdline": {
    "commit": "23c51b2"
  },
  "cmp-git": {
    "commit": "6bcb61c"
  },
  "cmp-nvim-lsp": {
    "commit": "5922477"
  },
  "cmp-path": {
    "commit": "91ff86c"
  },
  "cmp-spell": {
    "commit": "60584cb"
  },
  "cmp-vsnip": {
    "commit": "989a8a7"
  },
  "csv.vim": {
    "commit": "fb15998"
  },
  "doom-one.nvim": {
    "commit": "a43528c"
  },
  "emmet-vim": {
    "commit": "def5d57"
  },
  "everforest": {
    "commit": "aa97c07"
  },
  "feline.nvim": {
    "commit": "d48b6f9"
  },
  "firenvim": {
    "commit": "35b34ba"
  },
  "github-nvim-theme": {
    "commit": "a93fc4c"
  },
  "gruvbox": {
    "commit": "2b5b1f7"
  },
  "gruvbox-material": {
    "commit": "13b7eb4"
  },
  "i3config.vim": {
    "commit": "5c753c5"
  },
  "impatient.nvim": {
    "commit": "c90e273"
  },
  "indent-blankline.nvim": {
    "commit": "018bd04"
  },
  "indent-o-matic": {
    "commit": "bf37c6e"
  },
  "kanagawa.nvim": {
    "commit": "4c8d487"
  },
  "lsp-trouble.nvim": {
    "commit": "490f7fe"
  },
  "lsp_signature.nvim": {
    "commit": "c153692"
  },
  "lush.nvim": {
    "commit": "b1e8eb1"
  },
  "markdown-preview.nvim": {
    "commit": "02cc387"
  },
  "material.nvim": {
    "commit": "ff29710"
  },
  "neorg": {
    "commit": "b977fa0f"
  },
  "neorg-telescope": {
    "commit": "8bf5ecf"
  },
  "nerdcommenter": {
    "commit": "06f6166"
  },
  "nordic.nvim": {
    "commit": "d3c3407"
  },
  "null-ls.nvim": {
    "commit": "c3e6781"
  },
  "nvim-autopairs": {
    "commit": "5a3523d"
  },
  "nvim-block-paste": {
    "commit": "0e4a877"
  },
  "nvim-bqf": {
    "commit": "da1cd25"
  },
  "nvim-cmp": {
    "commit": "e7e2ef7"
  },
  "nvim-colorizer.lua": {
    "commit": "81f8bcb"
  },
  "nvim-jdtls": {
    "commit": "beb9101"
  },
  "nvim-lspconfig": {
    "commit": "902d6aa"
  },
  "nvim-notify": {
    "commit": "bdd647f"
  },
  "nvim-pqf.git": {
    "commit": "d15582d"
  },
  "nvim-treesitter": {
    "commit": "4cc201ec"
  },
  "nvim-treesitter-context": {
    "commit": "cacee48"
  },
  "nvim-ts-rainbow": {
    "commit": "ef95c15"
  },
  "nvim-web-devicons": {
    "commit": "a421d18"
  },
  "onedarkpro.nvim": {
    "commit": "c3409ec"
  },
  "packer.nvim": {
    "commit": "1d0cf98"
  },
  "palenight.vim": {
    "commit": "acca43d"
  },
  "pgsql.vim": {
    "commit": "736c989"
  },
  "playground": {
    "commit": "c19bcfd"
  },
  "plenary.nvim": {
    "commit": "9a0d3bf"
  },
  "popup.nvim": {
    "commit": "b7404d3"
  },
  "pretty-fold.nvim": {
    "commit": "a7d8b42"
  },
  "pseudo-syntax": {
    "commit": "ab329e8"
  },
  "rose-pine": {
    "commit": "8a11a44"
  },
  "startuptime.vim": {
    "commit": "dfa57f5"
  },
  "symbols-outline.nvim": {
    "commit": "5127919"
  },
  "tabular": {
    "commit": "339091a"
  },
  "telescope-fzf-native.nvim": {
    "commit": "fab3e22"
  },
  "telescope-media-files.nvim": {
    "commit": "513e4ee"
  },
  "telescope-ui-select.nvim": {
    "commit": "62ea5e5"
  },
  "telescope.nvim": {
    "commit": "203bf56"
  },
  "tokyonight.nvim": {
    "commit": "affb21a"
  },
  "vim-abolish": {
    "commit": "d55c90d"
  },
  "vim-armasm": {
    "commit": "fe00e1b"
  },
  "vim-closetag": {
    "commit": "d0a562f"
  },
  "vim-colors-xcode": {
    "commit": "26707a8"
  },
  "vim-devicons": {
    "commit": "71f239a"
  },
  "vim-flog": {
    "commit": "2ba8af2"
  },
  "vim-illuminate": {
    "commit": "d6ca7f7"
  },
  "vim-jsonc": {
    "commit": "0b7ca17"
  },
  "vim-kitty": {
    "commit": "d4c60f0"
  },
  "vim-log-highlighting": {
    "commit": "1037e26"
  },
  "vim-rhubarb": {
    "commit": "cad60fe"
  },
  "vim-snippets": {
    "commit": "8f9eead"
  },
  "vim-surround": {
    "commit": "3d188ed"
  },
  "vim-teal": {
    "commit": "d2aa107"
  },
  "vim-turtle-syntax.git": {
    "commit": "e2c1597"
  },
  "vim-vsnip": {
    "commit": "8dde8c0"
  },
  "vim-vsnip-integ": {
    "commit": "1cf8990"
  },
  "zenbones.nvim": {
    "commit": "910b8c2"
  },
  "zoomwintab.vim": {
    "commit": "7a354f3"
  }
}
