{"rose-pine": {"commit": "8a11a44"}, "telescope-media-files.nvim": {"commit": "513e4ee"}, "palenight.vim": {"commit": "acca43d"}, "everforest": {"commit": "c60a594"}, "nerdcommenter": {"commit": "6d30ebc"}, "FixCursorHold.nvim": {"commit": "5aa5ff1"}, "telescope-fzf-native.nvim": {"commit": "6791f74"}, "packer.nvim": {"commit": "537669b"}, "nvim-notify": {"commit": "6b779c9"}, "catppuccin": {"commit": "3e8262f"}, "vim-surround": {"commit": "bf3480d"}, "nvim-lspconfig": {"commit": "0fafc3e"}, "neoscroll.nvim": {"commit": "54c5c41"}, "playground": {"commit": "bcfab84"}, "vim-abolish": {"commit": "3f0c8fa"}, "onedarkpro.nvim": {"commit": "7440095"}, "doom-one.nvim": {"commit": "60eb782"}, "zoomwintab.vim": {"commit": "7a354f3"}, "vim-teal": {"commit": "d2aa107"}, "i3config.vim": {"commit": "5c753c5"}, "nvim-block-paste": {"commit": "0e4a877"}, "telescope-ui-select.nvim": {"commit": "62ea5e5"}, "vim-colors-xcode": {"commit": "26707a8"}, "cmp-cmdline": {"commit": "9c0e331"}, "nvim-pqf.git": {"commit": "1bf0758"}, "vim-kitty": {"commit": "2fa2bfb"}, "cmp-nvim-lsp": {"commit": "affe808"}, "vim-vsnip": {"commit": "8f199ef"}, "nvim-colorizer.lua": {"commit": "81f8bcb"}, "vim-closetag": {"commit": "d0a562f"}, "github-nvim-theme": {"commit": "b3f1519"}, "firenvim": {"commit": "56a49d7"}, "vim-fugitive": {"commit": "dd8107c"}, "vim-vsnip-integ": {"commit": "64c2ed6"}, "gitsigns.nvim": {"commit": "d7e0bcb"}, "cmp-git": {"commit": "fae6cdb"}, "gruvbox": {"commit": "95b120a"}, "telescope.nvim": {"commit": "49b043e"}, "lsp_signature.nvim": {"commit": "e65a638"}, "cmp-spell": {"commit": "5602f1a"}, "startuptime.vim": {"commit": "dfa57f5"}, "kanagawa.nvim": {"commit": "dda1b8c"}, "alpha-nvim": {"commit": "09e5374"}, "nvim-autopairs": {"commit": "0a18e10"}, "lush.nvim": {"commit": "6b9f399"}, "vim-illuminate": {"commit": "9179f9c"}, "gruvbox-material": {"commit": "9e30f20"}, "nvim-bqf": {"commit": "aac1ff9"}, "popup.nvim": {"commit": "b7404d3"}, "cmp-vsnip": {"commit": "0abfa18"}, "symbols-outline.nvim": {"commit": "6a3ed24"}, "nvim-web-devicons": {"commit": "2d02a56"}, "tokyonight.nvim": {"commit": "e1cb206"}, "nvim-treesitter": {"commit": "1506334"}, "impatient.nvim": {"commit": "b842e16"}, "nvim-jdtls": {"commit": "7828673"}, "feline.nvim": {"commit": "331a794"}, "incline.nvim": {"commit": "44d4e6f"}, "vim-jsonc": {"commit": "0b7ca17"}, "spellsitter.nvim": {"commit": "eb74c4b"}, "vim-rhubarb": {"commit": "cad60fe"}, "lsp-trouble.nvim": {"commit": "68d3dc5"}, "emmet-vim": {"commit": "def5d57"}, "indent-o-matic": {"commit": "bf37c6e"}, "csv.vim": {"commit": "2fcac76"}, "material.nvim": {"commit": "ff29710"}, "zenbones.nvim": {"commit": "30d9598"}, "tabular": {"commit": "339091a"}, "plenary.nvim": {"commit": "4b66054"}, "nvim-bufferline.lua": {"commit": "938908f"}, "nvim-cmp": {"commit": "33fbb2c"}, "vim-log-highlighting": {"commit": "1037e26"}, "vim-snippets": {"commit": "0ad1efb"}, "markdown-preview.nvim": {"commit": "02cc387"}, "vim-devicons": {"commit": "a225865"}, "nvim-ts-rainbow": {"commit": "c641e22"}, "cmp-path": {"commit": "447c87c"}, "cmp-buffer": {"commit": "3022dbc"}}
