{"rose-pine": {"commit": "8a11a44"}, "telescope-media-files.nvim": {"commit": "513e4ee"}, "palenight.vim": {"commit": "acca43d"}, "everforest": {"commit": "902196b"}, "nerdcommenter": {"commit": "6d30ebc"}, "FixCursorHold.nvim": {"commit": "5aa5ff1"}, "telescope-fzf-native.nvim": {"commit": "6791f74"}, "packer.nvim": {"commit": "3a9f980"}, "nvim-notify": {"commit": "cf5dc4f"}, "catppuccin": {"commit": "d4aa577"}, "kanagawa.nvim": {"commit": "ec3b133"}, "nvim-lspconfig": {"commit": "df17834"}, "emmet-vim": {"commit": "def5d57"}, "playground": {"commit": "90d2b3e"}, "vim-abolish": {"commit": "3f0c8fa"}, "neorg-telescope": {"commit": "b61ff59"}, "onedarkpro.nvim": {"commit": "7440095"}, "git-conflict.nvim": {"commit": "be9b2b8"}, "doom-one.nvim": {"commit": "347c527"}, "zoomwintab.vim": {"commit": "7a354f3"}, "vim-teal": {"commit": "d2aa107"}, "i3config.vim": {"commit": "5c753c5"}, "nvim-block-paste": {"commit": "0e4a877"}, "telescope-ui-select.nvim": {"commit": "62ea5e5"}, "vim-colors-xcode": {"commit": "26707a8"}, "cmp-cmdline": {"commit": "9c0e331"}, "nvim-pqf.git": {"commit": "1bf0758"}, "vim-kitty": {"commit": "6c8f099"}, "nvim-autopairs": {"commit": "0a18e10"}, "vim-vsnip": {"commit": "8f199ef"}, "nvim-colorizer.lua": {"commit": "81f8bcb"}, "vim-closetag": {"commit": "d0a562f"}, "github-nvim-theme": {"commit": "b3f1519"}, "firenvim": {"commit": "56a49d7"}, "vim-fugitive": {"commit": "b411b75"}, "cmp-git": {"commit": "fae6cdb"}, "gitsigns.nvim": {"commit": "1e107c9"}, "vim-vsnip-integ": {"commit": "64c2ed6"}, "gruvbox": {"commit": "95b120a"}, "telescope.nvim": {"commit": "b923665"}, "lsp_signature.nvim": {"commit": "e65a638"}, "cmp-spell": {"commit": "5602f1a"}, "startuptime.vim": {"commit": "dfa57f5"}, "vim-surround": {"commit": "bf3480d"}, "alpha-nvim": {"commit": "09e5374"}, "cmp-nvim-lsp": {"commit": "affe808"}, "lush.nvim": {"commit": "6b9f399"}, "vim-log-highlighting": {"commit": "1037e26"}, "neoscroll.nvim": {"commit": "54c5c41"}, "nvim-bqf": {"commit": "aac1ff9"}, "popup.nvim": {"commit": "b7404d3"}, "cmp-vsnip": {"commit": "0abfa18"}, "symbols-outline.nvim": {"commit": "6a3ed24"}, "nvim-web-devicons": {"commit": "2d02a56"}, "tokyonight.nvim": {"commit": "8223c97"}, "nvim-treesitter": {"commit": "f0c9a186"}, "impatient.nvim": {"commit": "b842e16"}, "nvim-jdtls": {"commit": "7828673"}, "feline.nvim": {"commit": "b7391bb"}, "incline.nvim": {"commit": "44d4e6f"}, "vim-jsonc": {"commit": "0b7ca17"}, "spellsitter.nvim": {"commit": "eb74c4b"}, "vim-rhubarb": {"commit": "cad60fe"}, "lsp-trouble.nvim": {"commit": "da61737"}, "indent-o-matic": {"commit": "bf37c6e"}, "csv.vim": {"commit": "2fcac76"}, "material.nvim": {"commit": "ff29710"}, "zenbones.nvim": {"commit": "30d9598"}, "tabular": {"commit": "339091a"}, "vim-illuminate": {"commit": "9179f9c"}, "plenary.nvim": {"commit": "a3dafaa"}, "nvim-bufferline.lua": {"commit": "fb7b173"}, "nvim-cmp": {"commit": "058100d"}, "gruvbox-material": {"commit": "9e30f20"}, "vim-snippets": {"commit": "569c722"}, "markdown-preview.nvim": {"commit": "02cc387"}, "neorg": {"commit": "a4192fa"}, "vim-devicons": {"commit": "a225865"}, "nvim-ts-rainbow": {"commit": "20cc17b"}, "cmp-path": {"commit": "447c87c"}, "cmp-buffer": {"commit": "3022dbc"}}
